
Microsoft Visual Studio Solution File, Format Version 12.00
# Visual Studio Version 17
VisualStudioVersion = 17.0.32112.339
MinimumVisualStudioVersion = 10.0.40219.1
Project("{FAE04EC0-301F-11D3-BF4B-00C04F79EFBC}") = "WorkPKS-20", "WorkPKS-20.csproj", "{37B140F1-9E48-43E3-81CB-8CDD09154DFC}"
EndProject
Global
	GlobalSection(SolutionConfigurationPlatforms) = preSolution
		Debug|Any CPU = Debug|Any CPU
		Release|Any CPU = Release|Any CPU
	EndGlobalSection
	GlobalSection(ProjectConfigurationPlatforms) = postSolution
		{37B140F1-9E48-43E3-81CB-8CDD09154DFC}.Debug|Any CPU.ActiveCfg = Debug|Any CPU
		{37B140F1-9E48-43E3-81CB-8CDD09154DFC}.Debug|Any CPU.Build.0 = Debug|Any CPU
		{37B140F1-9E48-43E3-81CB-8CDD09154DFC}.Release|Any CPU.ActiveCfg = Release|Any CPU
		{37B140F1-9E48-43E3-81CB-8CDD09154DFC}.Release|Any CPU.Build.0 = Release|Any CPU
	EndGlobalSection
	GlobalSection(SolutionProperties) = preSolution
		HideSolutionNode = FALSE
	EndGlobalSection
	GlobalSection(ExtensibilityGlobals) = postSolution
		SolutionGuid = {A00EFCC5-76BC-4DCB-AC28-BB245FA63DE8}
	EndGlobalSection
EndGlobal
